
Microsoft Visual Studio Solution File, Format Version 12.00
# Visual Studio Version 17
VisualStudioVersion = 17.13.35825.156 d17.13
MinimumVisualStudioVersion = 10.0.40219.1
Project("{FAE04EC0-301F-11D3-BF4B-00C04F79EFBC}") = "ProtosInterface", "ProtosInterface.csproj", "{F1174F0C-DD4E-46E9-807F-CEEC79685E36}"
EndProject
Global
	GlobalSection(SolutionConfigurationPlatforms) = preSolution
		Debug|Any CPU = Debug|Any CPU
		Release|Any CPU = Release|Any CPU
	EndGlobalSection
	GlobalSection(ProjectConfigurationPlatforms) = postSolution
		{F1174F0C-DD4E-46E9-807F-CEEC79685E36}.Debug|Any CPU.ActiveCfg = Debug|Any CPU
		{F1174F0C-DD4E-46E9-807F-CEEC79685E36}.Debug|Any CPU.Build.0 = Debug|Any CPU
		{F1174F0C-DD4E-46E9-807F-CEEC79685E36}.Release|Any CPU.ActiveCfg = Release|Any CPU
		{F1174F0C-DD4E-46E9-807F-CEEC79685E36}.Release|Any CPU.Build.0 = Release|Any CPU
	EndGlobalSection
	GlobalSection(SolutionProperties) = preSolution
		HideSolutionNode = FALSE
	EndGlobalSection
	GlobalSection(ExtensibilityGlobals) = postSolution
		SolutionGuid = {BAB25452-739F-4C30-BD6B-159DF80EF105}
	EndGlobalSection
EndGlobal
